{
  "version": 4,
  "terraform_version": "1.14.6",
  "serial": 36,
  "lineage": "3acc3a44-7397-848a-4cde-f8f5021e4a8f",
  "outputs": {
    "acr_login_server": {
      "value": "acrbctesto95qnm.azurecr.io",
      "type": "string"
    },
    "acr_name": {
      "value": "acrbctesto95qnm",
      "type": "string"
    },
    "aks_cluster_id": {
      "value": null,
      "type": "string"
    },
    "aks_cluster_name": {
      "value": "aks-bc-test",
      "type": "string"
    },
    "aks_oidc_issuer_url": {
      "value": null,
      "type": "string"
    },
    "backstage_workload_identity_client_id": {
      "value": "99f7e258-5408-4bf5-a665-71d7b93fadd2",
      "type": "string"
    },
    "backstage_workload_identity_principal_id": {
      "value": "f3c15862-5f25-4446-beac-f090dcc2d2bf",
      "type": "string"
    },
    "gateway_for_containers_traffic_controller_id": {
      "value": null,
      "type": "dynamic"
    },
    "postgres_database_name": {
      "value": "backstage",
      "type": "string"
    },
    "postgres_server_fqdn": {
      "value": null,
      "type": "string"
    },
    "resource_group_name": {
      "value": "bc-testing-rg",
      "type": "string"
    },
    "storage_account_name": {
      "value": "stbctestfsnpib",
      "type": "string"
    }
  },
  "resources": [
    {
      "module": "module.acr",
      "mode": "managed",
      "type": "random_string",
      "name": "suffix",
      "provider": "provider[\"registry.terraform.io/hashicorp/random\"]",
      "instances": [
        {
          "schema_version": 2,
          "attributes": {
            "id": "o95qnm",
            "keepers": null,
            "length": 6,
            "lower": true,
            "min_lower": 0,
            "min_numeric": 0,
            "min_special": 0,
            "min_upper": 0,
            "number": true,
            "numeric": true,
            "override_special": null,
            "result": "o95qnm",
            "special": false,
            "upper": false
          },
          "sensitive_attributes": [],
          "identity_schema_version": 0
        }
      ]
    },
    {
      "module": "module.networking",
      "mode": "managed",
      "type": "azurerm_resource_group",
      "name": "this",
      "provider": "provider[\"registry.terraform.io/hashicorp/azurerm\"]",
      "instances": [
        {
          "schema_version": 0,
          "attributes": {
            "id": "/subscriptions/18fc0dae-23c8-403e-8e83-b8db9be1892c/resourceGroups/bc-testing-rg",
            "location": "eastus",
            "managed_by": "",
            "name": "bc-testing-rg",
            "tags": {
              "Creator-AutoApplied": "brian.crump@3cloudsolutions.com",
              "createdOnDate": "2026-05-14T17:13:50.1414394Z",
              "environment": "test",
              "managed_by": "terraform",
              "owner": "platform-team",
              "workload": "backstage"
            },
            "timeouts": null
          },
          "sensitive_attributes": [],
          "identity_schema_version": 0,
          "identity": {
            "name": "bc-testing-rg",
            "subscription_id": "18fc0dae-23c8-403e-8e83-b8db9be1892c"
          },
          "private": "eyJlMmJmYjczMC1lY2FhLTExZTYtOGY4OC0zNDM2M2JjN2M0YzAiOnsiY3JlYXRlIjo1NDAwMDAwMDAwMDAwLCJkZWxldGUiOjU0MDAwMDAwMDAwMDAsInJlYWQiOjMwMDAwMDAwMDAwMCwidXBkYXRlIjo1NDAwMDAwMDAwMDAwfX0="
        }
      ]
    },
    {
      "module": "module.networking",
      "mode": "managed",
      "type": "azurerm_subnet",
      "name": "aks",
      "provider": "provider[\"registry.terraform.io/hashicorp/azurerm\"]",
      "instances": [
        {
          "schema_version": 0,
          "attributes": {
            "address_prefixes": [
              "10.30.1.0/24"
            ],
            "default_outbound_access_enabled": true,
            "delegation": [],
            "id": "/subscriptions/18fc0dae-23c8-403e-8e83-b8db9be1892c/resourceGroups/bc-testing-rg/providers/Microsoft.Network/virtualNetworks/vnet-bc-test/subnets/snet-aks",
            "ip_address_pool": [],
            "name": "snet-aks",
            "private_endpoint_network_policies": "Disabled",
            "private_link_service_network_policies_enabled": true,
            "resource_group_name": "bc-testing-rg",
            "service_endpoint_policy_ids": [],
            "service_endpoints": [],
            "sharing_scope": "",
            "timeouts": null,
            "virtual_network_name": "vnet-bc-test"
          },
          "sensitive_attributes": [],
          "identity_schema_version": 0,
          "identity": {
            "name": "snet-aks",
            "resource_group_name": "bc-testing-rg",
            "subscription_id": "18fc0dae-23c8-403e-8e83-b8db9be1892c",
            "virtual_network_name": "vnet-bc-test"
          },
          "private": "eyJlMmJmYjczMC1lY2FhLTExZTYtOGY4OC0zNDM2M2JjN2M0YzAiOnsiY3JlYXRlIjoxODAwMDAwMDAwMDAwLCJkZWxldGUiOjE4MDAwMDAwMDAwMDAsInJlYWQiOjMwMDAwMDAwMDAwMCwidXBkYXRlIjoxODAwMDAwMDAwMDAwfX0=",
          "dependencies": [
            "module.networking.azurerm_resource_group.this",
            "module.networking.azurerm_virtual_network.this"
          ]
        }
      ]
    },
    {
      "module": "module.networking",
      "mode": "managed",
      "type": "azurerm_subnet",
      "name": "gateway",
      "provider": "provider[\"registry.terraform.io/hashicorp/azurerm\"]",
      "instances": [
        {
          "schema_version": 0,
          "attributes": {
            "address_prefixes": [
              "10.30.3.0/24"
            ],
            "default_outbound_access_enabled": true,
            "delegation": [
              {
                "name": "gateway-for-containers-delegation",
                "service_delegation": [
                  {
                    "actions": [
                      "Microsoft.Network/virtualNetworks/subnets/join/action"
                    ],
                    "name": "Microsoft.ServiceNetworking/trafficControllers"
                  }
                ]
              }
            ],
            "id": "/subscriptions/18fc0dae-23c8-403e-8e83-b8db9be1892c/resourceGroups/bc-testing-rg/providers/Microsoft.Network/virtualNetworks/vnet-bc-test/subnets/snet-agfc",
            "ip_address_pool": [],
            "name": "snet-agfc",
            "private_endpoint_network_policies": "Disabled",
            "private_link_service_network_policies_enabled": true,
            "resource_group_name": "bc-testing-rg",
            "service_endpoint_policy_ids": [],
            "service_endpoints": [],
            "sharing_scope": "",
            "timeouts": null,
            "virtual_network_name": "vnet-bc-test"
          },
          "sensitive_attributes": [],
          "identity_schema_version": 0,
          "identity": {
            "name": "snet-agfc",
            "resource_group_name": "bc-testing-rg",
            "subscription_id": "18fc0dae-23c8-403e-8e83-b8db9be1892c",
            "virtual_network_name": "vnet-bc-test"
          },
          "private": "eyJlMmJmYjczMC1lY2FhLTExZTYtOGY4OC0zNDM2M2JjN2M0YzAiOnsiY3JlYXRlIjoxODAwMDAwMDAwMDAwLCJkZWxldGUiOjE4MDAwMDAwMDAwMDAsInJlYWQiOjMwMDAwMDAwMDAwMCwidXBkYXRlIjoxODAwMDAwMDAwMDAwfX0=",
          "dependencies": [
            "module.networking.azurerm_resource_group.this",
            "module.networking.azurerm_virtual_network.this"
          ]
        }
      ]
    },
    {
      "module": "module.networking",
      "mode": "managed",
      "type": "azurerm_subnet",
      "name": "postgres",
      "provider": "provider[\"registry.terraform.io/hashicorp/azurerm\"]",
      "instances": [
        {
          "schema_version": 0,
          "attributes": {
            "address_prefixes": [
              "10.30.2.0/24"
            ],
            "default_outbound_access_enabled": true,
            "delegation": [
              {
                "name": "postgres-flex-delegation",
                "service_delegation": [
                  {
                    "actions": [
                      "Microsoft.Network/virtualNetworks/subnets/join/action"
                    ],
                    "name": "Microsoft.DBforPostgreSQL/flexibleServers"
                  }
                ]
              }
            ],
            "id": "/subscriptions/18fc0dae-23c8-403e-8e83-b8db9be1892c/resourceGroups/bc-testing-rg/providers/Microsoft.Network/virtualNetworks/vnet-bc-test/subnets/snet-postgres",
            "ip_address_pool": [],
            "name": "snet-postgres",
            "private_endpoint_network_policies": "Disabled",
            "private_link_service_network_policies_enabled": true,
            "resource_group_name": "bc-testing-rg",
            "service_endpoint_policy_ids": [],
            "service_endpoints": [],
            "sharing_scope": "",
            "timeouts": null,
            "virtual_network_name": "vnet-bc-test"
          },
          "sensitive_attributes": [],
          "identity_schema_version": 0,
          "identity": {
            "name": "snet-postgres",
            "resource_group_name": "bc-testing-rg",
            "subscription_id": "18fc0dae-23c8-403e-8e83-b8db9be1892c",
            "virtual_network_name": "vnet-bc-test"
          },
          "private": "eyJlMmJmYjczMC1lY2FhLTExZTYtOGY4OC0zNDM2M2JjN2M0YzAiOnsiY3JlYXRlIjoxODAwMDAwMDAwMDAwLCJkZWxldGUiOjE4MDAwMDAwMDAwMDAsInJlYWQiOjMwMDAwMDAwMDAwMCwidXBkYXRlIjoxODAwMDAwMDAwMDAwfX0=",
          "dependencies": [
            "module.networking.azurerm_resource_group.this",
            "module.networking.azurerm_virtual_network.this"
          ]
        }
      ]
    },
    {
      "module": "module.postgres",
      "mode": "data",
      "type": "azurerm_client_config",
      "name": "current",
      "provider": "provider[\"registry.terraform.io/hashicorp/azurerm\"]",
      "instances": [
        {
          "schema_version": 0,
          "attributes": {
            "client_id": "04b07795-8ddb-461a-bbee-02f9e1bf7b46",
            "id": "Y2xpZW50Q29uZmlncy9jbGllbnRJZD0wNGIwNzc5NS04ZGRiLTQ2MWEtYmJlZS0wMmY5ZTFiZjdiNDY7b2JqZWN0SWQ9OTQ1MDUyY2ItMWRiYi00ODIxLThhNmEtOTNhNGRiM2UwZTVhO3N1YnNjcmlwdGlvbklkPTE4ZmMwZGFlLTIzYzgtNDAzZS04ZTgzLWI4ZGI5YmUxODkyYzt0ZW5hbnRJZD05YzhkNzE5Ni1lNGNmLTRjNzUtOTMxMi0zYjJmYzI2ZjQxZTY=",
            "object_id": "945052cb-1dbb-4821-8a6a-93a4db3e0e5a",
            "subscription_id": "18fc0dae-23c8-403e-8e83-b8db9be1892c",
            "tenant_id": "9c8d7196-e4cf-4c75-9312-3b2fc26f41e6",
            "timeouts": null
          },
          "sensitive_attributes": [],
          "identity_schema_version": 0
        }
      ]
    },
    {
      "module": "module.postgres",
      "mode": "managed",
      "type": "azurerm_private_dns_zone",
      "name": "this",
      "provider": "provider[\"registry.terraform.io/hashicorp/azurerm\"]",
      "instances": []
    },
    {
      "module": "module.postgres",
      "mode": "managed",
      "type": "azurerm_private_dns_zone_virtual_network_link",
      "name": "this",
      "provider": "provider[\"registry.terraform.io/hashicorp/azurerm\"]",
      "instances": []
    },
    {
      "module": "module.postgres",
      "mode": "managed",
      "type": "random_password",
      "name": "admin",
      "provider": "provider[\"registry.terraform.io/hashicorp/random\"]",
      "instances": []
    },
    {
      "module": "module.storage",
      "mode": "managed",
      "type": "azurerm_storage_container",
      "name": "backstage",
      "provider": "provider[\"registry.terraform.io/hashicorp/azurerm\"]",
      "instances": [
        {
          "schema_version": 1,
          "attributes": {
            "container_access_type": "private",
            "default_encryption_scope": "$account-encryption-key",
            "encryption_scope_override_enabled": true,
            "has_immutability_policy": false,
            "has_legal_hold": false,
            "id": "https://stbctestfsnpib.blob.core.windows.net/backstage-assets",
            "metadata": {},
            "name": "backstage-assets",
            "resource_manager_id": "/subscriptions/18fc0dae-23c8-403e-8e83-b8db9be1892c/resourceGroups/bc-testing-rg/providers/Microsoft.Storage/storageAccounts/stbctestfsnpib/blobServices/default/containers/backstage-assets",
            "storage_account_id": null,
            "storage_account_name": "stbctestfsnpib",
            "timeouts": null
          },
          "sensitive_attributes": [],
          "identity_schema_version": 0,
          "private": "eyJlMmJmYjczMC1lY2FhLTExZTYtOGY4OC0zNDM2M2JjN2M0YzAiOnsiY3JlYXRlIjoxODAwMDAwMDAwMDAwLCJkZWxldGUiOjE4MDAwMDAwMDAwMDAsInJlYWQiOjMwMDAwMDAwMDAwMCwidXBkYXRlIjoxODAwMDAwMDAwMDAwfSwic2NoZW1hX3ZlcnNpb24iOiIxIn0=",
          "dependencies": [
            "module.networking.azurerm_resource_group.this",
            "module.storage.azurerm_storage_account.this",
            "module.storage.random_string.suffix"
          ]
        }
      ]
    },
    {
      "module": "module.storage",
      "mode": "managed",
      "type": "random_string",
      "name": "suffix",
      "provider": "provider[\"registry.terraform.io/hashicorp/random\"]",
      "instances": [
        {
          "schema_version": 2,
          "attributes": {
            "id": "fsnpib",
            "keepers": null,
            "length": 6,
            "lower": true,
            "min_lower": 0,
            "min_numeric": 0,
            "min_special": 0,
            "min_upper": 0,
            "number": true,
            "numeric": true,
            "override_special": null,
            "result": "fsnpib",
            "special": false,
            "upper": false
          },
          "sensitive_attributes": [],
          "identity_schema_version": 0
        }
      ]
    },
    {
      "module": "module.workload_identity",
      "mode": "data",
      "type": "azurerm_client_config",
      "name": "current",
      "provider": "provider[\"registry.terraform.io/hashicorp/azurerm\"]",
      "instances": [
        {
          "schema_version": 0,
          "attributes": {
            "client_id": "04b07795-8ddb-461a-bbee-02f9e1bf7b46",
            "id": "Y2xpZW50Q29uZmlncy9jbGllbnRJZD0wNGIwNzc5NS04ZGRiLTQ2MWEtYmJlZS0wMmY5ZTFiZjdiNDY7b2JqZWN0SWQ9OTQ1MDUyY2ItMWRiYi00ODIxLThhNmEtOTNhNGRiM2UwZTVhO3N1YnNjcmlwdGlvbklkPTE4ZmMwZGFlLTIzYzgtNDAzZS04ZTgzLWI4ZGI5YmUxODkyYzt0ZW5hbnRJZD05YzhkNzE5Ni1lNGNmLTRjNzUtOTMxMi0zYjJmYzI2ZjQxZTY=",
            "object_id": "945052cb-1dbb-4821-8a6a-93a4db3e0e5a",
            "subscription_id": "18fc0dae-23c8-403e-8e83-b8db9be1892c",
            "tenant_id": "9c8d7196-e4cf-4c75-9312-3b2fc26f41e6",
            "timeouts": null
          },
          "sensitive_attributes": [],
          "identity_schema_version": 0
        }
      ]
    }
  ],
  "check_results": null
}
